
Microsoft Visual Studio Solution File, Format Version 12.00
# Visual Studio Version 16
VisualStudioVersion = 16.0.29806.167
MinimumVisualStudioVersion = 10.0.40219.1
Project("{FAE04EC0-301F-11D3-BF4B-00C04F79EFBC}") = "Domain", "Domain\Domain.csproj", "{37387D5F-3DB4-4D35-888C-1D39C6F9ED10}"
EndProject
Project("{FAE04EC0-301F-11D3-BF4B-00C04F79EFBC}") = "WebService", "WebService\WebService.csproj", "{A4760757-B335-4C49-A8D5-6717638E79F9}"
EndProject
Project("{FAE04EC0-301F-11D3-BF4B-00C04F79EFBC}") = "TestClient", "TestClient\TestClient.csproj", "{EAFB2661-864D-472B-829A-DCA669328E32}"
EndProject
Global
	GlobalSection(SolutionConfigurationPlatforms) = preSolution
		Debug|Any CPU = Debug|Any CPU
		Release|Any CPU = Release|Any CPU
	EndGlobalSection
	GlobalSection(ProjectConfigurationPlatforms) = postSolution
		{37387D5F-3DB4-4D35-888C-1D39C6F9ED10}.Debug|Any CPU.ActiveCfg = Debug|Any CPU
		{37387D5F-3DB4-4D35-888C-1D39C6F9ED10}.Debug|Any CPU.Build.0 = Debug|Any CPU
		{37387D5F-3DB4-4D35-888C-1D39C6F9ED10}.Release|Any CPU.ActiveCfg = Release|Any CPU
		{37387D5F-3DB4-4D35-888C-1D39C6F9ED10}.Release|Any CPU.Build.0 = Release|Any CPU
		{A4760757-B335-4C49-A8D5-6717638E79F9}.Debug|Any CPU.ActiveCfg = Debug|Any CPU
		{A4760757-B335-4C49-A8D5-6717638E79F9}.Debug|Any CPU.Build.0 = Debug|Any CPU
		{A4760757-B335-4C49-A8D5-6717638E79F9}.Release|Any CPU.ActiveCfg = Release|Any CPU
		{A4760757-B335-4C49-A8D5-6717638E79F9}.Release|Any CPU.Build.0 = Release|Any CPU
		{EAFB2661-864D-472B-829A-DCA669328E32}.Debug|Any CPU.ActiveCfg = Debug|Any CPU
		{EAFB2661-864D-472B-829A-DCA669328E32}.Debug|Any CPU.Build.0 = Debug|Any CPU
		{EAFB2661-864D-472B-829A-DCA669328E32}.Release|Any CPU.ActiveCfg = Release|Any CPU
		{EAFB2661-864D-472B-829A-DCA669328E32}.Release|Any CPU.Build.0 = Release|Any CPU
	EndGlobalSection
	GlobalSection(SolutionProperties) = preSolution
		HideSolutionNode = FALSE
	EndGlobalSection
	GlobalSection(ExtensibilityGlobals) = postSolution
		SolutionGuid = {A56008F7-026C-4097-99A7-B521256F8162}
	EndGlobalSection
EndGlobal
